
Microsoft Visual Studio Solution File, Format Version 12.00
# Visual Studio Version 16
VisualStudioVersion = 16.0.29306.81
MinimumVisualStudioVersion = 10.0.40219.1
Project("{FAE04EC0-301F-11D3-BF4B-00C04F79EFBC}") = "MandatoryAssignment1", "MandatoryAssignment1.csproj", "{8035903C-E586-41B1-BFC6-C4C18C6D8EC1}"
EndProject
Project("{FAE04EC0-301F-11D3-BF4B-00C04F79EFBC}") = "BookDetailsTest", "..\BookDetailsTest\BookDetailsTest.csproj", "{9027F18D-83DD-4A3C-8CC7-2C53BDACF641}"
EndProject
Global
	GlobalSection(SolutionConfigurationPlatforms) = preSolution
		Debug|Any CPU = Debug|Any CPU
		Release|Any CPU = Release|Any CPU
	EndGlobalSection
	GlobalSection(ProjectConfigurationPlatforms) = postSolution
		{8035903C-E586-41B1-BFC6-C4C18C6D8EC1}.Debug|Any CPU.ActiveCfg = Debug|Any CPU
		{8035903C-E586-41B1-BFC6-C4C18C6D8EC1}.Debug|Any CPU.Build.0 = Debug|Any CPU
		{8035903C-E586-41B1-BFC6-C4C18C6D8EC1}.Release|Any CPU.ActiveCfg = Release|Any CPU
		{8035903C-E586-41B1-BFC6-C4C18C6D8EC1}.Release|Any CPU.Build.0 = Release|Any CPU
		{9027F18D-83DD-4A3C-8CC7-2C53BDACF641}.Debug|Any CPU.ActiveCfg = Debug|Any CPU
		{9027F18D-83DD-4A3C-8CC7-2C53BDACF641}.Debug|Any CPU.Build.0 = Debug|Any CPU
		{9027F18D-83DD-4A3C-8CC7-2C53BDACF641}.Release|Any CPU.ActiveCfg = Release|Any CPU
		{9027F18D-83DD-4A3C-8CC7-2C53BDACF641}.Release|Any CPU.Build.0 = Release|Any CPU
	EndGlobalSection
	GlobalSection(SolutionProperties) = preSolution
		HideSolutionNode = FALSE
	EndGlobalSection
	GlobalSection(ExtensibilityGlobals) = postSolution
		SolutionGuid = {D2CA4F97-6BB3-490B-A476-8519A59F45F2}
	EndGlobalSection
EndGlobal
